// !$*UTF8*$!
{
	archiveVersion = 1;
	classes = {
	};
	objectVersion = 46;
	objects = {

/* Begin PBXBuildFile section */
		2027BB2B1AD77CC800B509AA /* main.m in Sources */ = {isa = PBXBuildFile; fileRef = 2027BB2A1AD77CC800B509AA /* main.m */; };
		2027BB2E1AD77CC800B509AA /* AppDelegate.m in Sources */ = {isa = PBXBuildFile; fileRef = 2027BB2D1AD77CC800B509AA /* AppDelegate.m */; };
		2027BB311AD77CC800B509AA /* ViewController.mm in Sources */ = {isa = PBXBuildFile; fileRef = 2027BB301AD77CC800B509AA /* ViewController.mm */; };
		2027BB341AD77CC800B509AA /* Main.storyboard in Resources */ = {isa = PBXBuildFile; fileRef = 2027BB321AD77CC800B509AA /* Main.storyboard */; };
		2027BB361AD77CC800B509AA /* Images.xcassets in Resources */ = {isa = PBXBuildFile; fileRef = 2027BB351AD77CC800B509AA /* Images.xcassets */; };
		2027BB391AD77CC800B509AA /* LaunchScreen.xib in Resources */ = {isa = PBXBuildFile; fileRef = 2027BB371AD77CC800B509AA /* LaunchScreen.xib */; };
		2027BB451AD77CC800B509AA /* opencvTestTests.m in Sources */ = {isa = PBXBuildFile; fileRef = 2027BB441AD77CC800B509AA /* opencvTestTests.m */; };
		20C53F0E1ADE46570073C3C1 /* ImageViewController.mm in Sources */ = {isa = PBXBuildFile; fileRef = 20C53F0D1ADE46570073C3C1 /* ImageViewController.mm */; };
		20EA99261AD7824D00F225C6 /* opencv2.framework in Frameworks */ = {isa = PBXBuildFile; fileRef = 20EA99251AD7824D00F225C6 /* opencv2.framework */; };
		20EA99281AD7AA4A00F225C6 /* AVFoundation.framework in Frameworks */ = {isa = PBXBuildFile; fileRef = 20EA99271AD7AA4A00F225C6 /* AVFoundation.framework */; };
		20EA992A1AD7AA7300F225C6 /* CoreMedia.framework in Frameworks */ = {isa = PBXBuildFile; fileRef = 20EA99291AD7AA7300F225C6 /* CoreMedia.framework */; };
		20EA992C1AD7AA9200F225C6 /* AssetsLibrary.framework in Frameworks */ = {isa = PBXBuildFile; fileRef = 20EA992B1AD7AA9200F225C6 /* AssetsLibrary.framework */; };
/* End PBXBuildFile section */

/* Begin PBXContainerItemProxy section */
		2027BB3F1AD77CC800B509AA /* PBXContainerItemProxy */ = {
			isa = PBXContainerItemProxy;
			containerPortal = 2027BB1D1AD77CC800B509AA /* Project object */;
			proxyType = 1;
			remoteGlobalIDString = 2027BB241AD77CC800B509AA;
			remoteInfo = opencvTest;
		};
/* End PBXContainerItemProxy section */

/* Begin PBXFileReference section */
		2027BB251AD77CC800B509AA /* opencvTest.app */ = {isa = PBXFileReference; explicitFileType = wrapper.application; includeInIndex = 0; path = opencvTest.app; sourceTree = BUILT_PRODUCTS_DIR; };
		2027BB291AD77CC800B509AA /* Info.plist */ = {isa = PBXFileReference; lastKnownFileType = text.plist.xml; path = Info.plist; sourceTree = "<group>"; };
		2027BB2A1AD77CC800B509AA /* main.m */ = {isa = PBXFileReference; lastKnownFileType = sourcecode.c.objc; path = main.m; sourceTree = "<group>"; };
		2027BB2C1AD77CC800B509AA /* AppDelegate.h */ = {isa = PBXFileReference; lastKnownFileType = sourcecode.c.h; path = AppDelegate.h; sourceTree = "<group>"; };
		2027BB2D1AD77CC800B509AA /* AppDelegate.m */ = {isa = PBXFileReference; lastKnownFileType = sourcecode.c.objc; path = AppDelegate.m; sourceTree = "<group>"; };
		2027BB2F1AD77CC800B509AA /* ViewController.h */ = {isa = PBXFileReference; lastKnownFileType = sourcecode.c.h; path = ViewController.h; sourceTree = "<group>"; };
		2027BB301AD77CC800B509AA /* ViewController.mm */ = {isa = PBXFileReference; lastKnownFileType = sourcecode.cpp.objcpp; path = ViewController.mm; sourceTree = "<group>"; };
		2027BB331AD77CC800B509AA /* Base */ = {isa = PBXFileReference; lastKnownFileType = file.storyboard; name = Base; path = Base.lproj/Main.storyboard; sourceTree = "<group>"; };
		2027BB351AD77CC800B509AA /* Images.xcassets */ = {isa = PBXFileReference; lastKnownFileType = folder.assetcatalog; path = Images.xcassets; sourceTree = "<group>"; };
		2027BB381AD77CC800B509AA /* Base */ = {isa = PBXFileReference; lastKnownFileType = file.xib; name = Base; path = Base.lproj/LaunchScreen.xib; sourceTree = "<group>"; };
		2027BB3E1AD77CC800B509AA /* opencvTestTests.xctest */ = {isa = PBXFileReference; explicitFileType = wrapper.cfbundle; includeInIndex = 0; path = opencvTestTests.xctest; sourceTree = BUILT_PRODUCTS_DIR; };
		2027BB431AD77CC800B509AA /* Info.plist */ = {isa = PBXFileReference; lastKnownFileType = text.plist.xml; path = Info.plist; sourceTree = "<group>"; };
		2027BB441AD77CC800B509AA /* opencvTestTests.m */ = {isa = PBXFileReference; lastKnownFileType = sourcecode.c.objc; path = opencvTestTests.m; sourceTree = "<group>"; };
		20C53F0C1ADE46570073C3C1 /* ImageViewController.h */ = {isa = PBXFileReference; fileEncoding = 4; lastKnownFileType = sourcecode.c.h; path = ImageViewController.h; sourceTree = "<group>"; };
		20C53F0D1ADE46570073C3C1 /* ImageViewController.mm */ = {isa = PBXFileReference; fileEncoding = 4; lastKnownFileType = sourcecode.cpp.objcpp; path = ImageViewController.mm; sourceTree = "<group>"; };
		20EA99251AD7824D00F225C6 /* opencv2.framework */ = {isa = PBXFileReference; lastKnownFileType = wrapper.framework; path = opencv2.framework; sourceTree = "<group>"; };
		20EA99271AD7AA4A00F225C6 /* AVFoundation.framework */ = {isa = PBXFileReference; lastKnownFileType = wrapper.framework; name = AVFoundation.framework; path = System/Library/Frameworks/AVFoundation.framework; sourceTree = SDKROOT; };
		20EA99291AD7AA7300F225C6 /* CoreMedia.framework */ = {isa = PBXFileReference; lastKnownFileType = wrapper.framework; name = CoreMedia.framework; path = System/Library/Frameworks/CoreMedia.framework; sourceTree = SDKROOT; };
		20EA992B1AD7AA9200F225C6 /* AssetsLibrary.framework */ = {isa = PBXFileReference; lastKnownFileType = wrapper.framework; name = AssetsLibrary.framework; path = System/Library/Frameworks/AssetsLibrary.framework; sourceTree = SDKROOT; };
/* End PBXFileReference section */

/* Begin PBXFrameworksBuildPhase section */
		2027BB221AD77CC800B509AA /* Frameworks */ = {
			isa = PBXFrameworksBuildPhase;
			buildActionMask = 2147483647;
			files = (
				20EA992C1AD7AA9200F225C6 /* AssetsLibrary.framework in Frameworks */,
				20EA992A1AD7AA7300F225C6 /* CoreMedia.framework in Frameworks */,
				20EA99281AD7AA4A00F225C6 /* AVFoundation.framework in Frameworks */,
				20EA99261AD7824D00F225C6 /* opencv2.framework in Frameworks */,
			);
			runOnlyForDeploymentPostprocessing = 0;
		};
		2027BB3B1AD77CC800B509AA /* Frameworks */ = {
			isa = PBXFrameworksBuildPhase;
			buildActionMask = 2147483647;
			files = (
			);
			runOnlyForDeploymentPostprocessing = 0;
		};
/* End PBXFrameworksBuildPhase section */

/* Begin PBXGroup section */
		2027BB1C1AD77CC800B509AA = {
			isa = PBXGroup;
			children = (
				20EA992B1AD7AA9200F225C6 /* AssetsLibrary.framework */,
				20EA99291AD7AA7300F225C6 /* CoreMedia.framework */,
				20EA99271AD7AA4A00F225C6 /* AVFoundation.framework */,
				2027BB271AD77CC800B509AA /* opencvTest */,
				2027BB411AD77CC800B509AA /* opencvTestTests */,
				2027BB261AD77CC800B509AA /* Products */,
				20EA99251AD7824D00F225C6 /* opencv2.framework */,
			);
			sourceTree = "<group>";
		};
		2027BB261AD77CC800B509AA /* Products */ = {
			isa = PBXGroup;
			children = (
				2027BB251AD77CC800B509AA /* opencvTest.app */,
				2027BB3E1AD77CC800B509AA /* opencvTestTests.xctest */,
			);
			name = Products;
			sourceTree = "<group>";
		};
		2027BB271AD77CC800B509AA /* opencvTest */ = {
			isa = PBXGroup;
			children = (
				2027BB2C1AD77CC800B509AA /* AppDelegate.h */,
				2027BB2D1AD77CC800B509AA /* AppDelegate.m */,
				2027BB2F1AD77CC800B509AA /* ViewController.h */,
				2027BB301AD77CC800B509AA /* ViewController.mm */,
				20C53F0C1ADE46570073C3C1 /* ImageViewController.h */,
				20C53F0D1ADE46570073C3C1 /* ImageViewController.mm */,
				2027BB321AD77CC800B509AA /* Main.storyboard */,
				2027BB351AD77CC800B509AA /* Images.xcassets */,
				2027BB371AD77CC800B509AA /* LaunchScreen.xib */,
				2027BB281AD77CC800B509AA /* Supporting Files */,
			);
			path = opencvTest;
			sourceTree = "<group>";
		};
		2027BB281AD77CC800B509AA /* Supporting Files */ = {
			isa = PBXGroup;
			children = (
				2027BB291AD77CC800B509AA /* Info.plist */,
				2027BB2A1AD77CC800B509AA /* main.m */,
			);
			name = "Supporting Files";
			sourceTree = "<group>";
		};
		2027BB411AD77CC800B509AA /* opencvTestTests */ = {
			isa = PBXGroup;
			children = (
				2027BB441AD77CC800B509AA /* opencvTestTests.m */,
				2027BB421AD77CC800B509AA /* Supporting Files */,
			);
			path = opencvTestTests;
			sourceTree = "<group>";
		};
		2027BB421AD77CC800B509AA /* Supporting Files */ = {
			isa = PBXGroup;
			children = (
				2027BB431AD77CC800B509AA /* Info.plist */,
			);
			name = "Supporting Files";
			sourceTree = "<group>";
		};
/* End PBXGroup section */

/* Begin PBXNativeTarget section */
		2027BB241AD77CC800B509AA /* opencvTest */ = {
			isa = PBXNativeTarget;
			buildConfigurationList = 2027BB481AD77CC800B509AA /* Build configuration list for PBXNativeTarget "opencvTest" */;
			buildPhases = (
				2027BB211AD77CC800B509AA /* Sources */,
				2027BB221AD77CC800B509AA /* Frameworks */,
				2027BB231AD77CC800B509AA /* Resources */,
			);
			buildRules = (
			);
			dependencies = (
			);
			name = opencvTest;
			productName = opencvTest;
			productReference = 2027BB251AD77CC800B509AA /* opencvTest.app */;
			productType = "com.apple.product-type.application";
		};
		2027BB3D1AD77CC800B509AA /* opencvTestTests */ = {
			isa = PBXNativeTarget;
			buildConfigurationList = 2027BB4B1AD77CC800B509AA /* Build configuration list for PBXNativeTarget "opencvTestTests" */;
			buildPhases = (
				2027BB3A1AD77CC800B509AA /* Sources */,
				2027BB3B1AD77CC800B509AA /* Frameworks */,
				2027BB3C1AD77CC800B509AA /* Resources */,
			);
			buildRules = (
			);
			dependencies = (
				2027BB401AD77CC800B509AA /* PBXTargetDependency */,
			);
			name = opencvTestTests;
			productName = opencvTestTests;
			productReference = 2027BB3E1AD77CC800B509AA /* opencvTestTests.xctest */;
			productType = "com.apple.product-type.bundle.unit-test";
		};
/* End PBXNativeTarget section */

/* Begin PBXProject section */
		2027BB1D1AD77CC800B509AA /* Project object */ = {
			isa = PBXProject;
			attributes = {
				LastUpgradeCheck = 0620;
				ORGANIZATIONNAME = opcom;
				TargetAttributes = {
					2027BB241AD77CC800B509AA = {
						CreatedOnToolsVersion = 6.2;
					};
					2027BB3D1AD77CC800B509AA = {
						CreatedOnToolsVersion = 6.2;
						TestTargetID = 2027BB241AD77CC800B509AA;
					};
				};
			};
			buildConfigurationList = 2027BB201AD77CC800B509AA /* Build configuration list for PBXProject "opencvTest" */;
			compatibilityVersion = "Xcode 3.2";
			developmentRegion = English;
			hasScannedForEncodings = 0;
			knownRegions = (
				en,
				Base,
			);
			mainGroup = 2027BB1C1AD77CC800B509AA;
			productRefGroup = 2027BB261AD77CC800B509AA /* Products */;
			projectDirPath = "";
			projectRoot = "";
			targets = (
				2027BB241AD77CC800B509AA /* opencvTest */,
				2027BB3D1AD77CC800B509AA /* opencvTestTests */,
			);
		};
/* End PBXProject section */

/* Begin PBXResourcesBuildPhase section */
		2027BB231AD77CC800B509AA /* Resources */ = {
			isa = PBXResourcesBuildPhase;
			buildActionMask = 2147483647;
			files = (
				2027BB341AD77CC800B509AA /* Main.storyboard in Resources */,
				2027BB391AD77CC800B509AA /* LaunchScreen.xib in Resources */,
				2027BB361AD77CC800B509AA /* Images.xcassets in Resources */,
			);
			runOnlyForDeploymentPostprocessing = 0;
		};
		2027BB3C1AD77CC800B509AA /* Resources */ = {
			isa = PBXResourcesBuildPhase;
			buildActionMask = 2147483647;
			files = (
			);
			runOnlyForDeploymentPostprocessing = 0;
		};
/* End PBXResourcesBuildPhase section */

/* Begin PBXSourcesBuildPhase section */
		2027BB211AD77CC800B509AA /* Sources */ = {
			isa = PBXSourcesBuildPhase;
			buildActionMask = 2147483647;
			files = (
				2027BB311AD77CC800B509AA /* ViewController.mm in Sources */,
				2027BB2E1AD77CC800B509AA /* AppDelegate.m in Sources */,
				20C53F0E1ADE46570073C3C1 /* ImageViewController.mm in Sources */,
				2027BB2B1AD77CC800B509AA /* main.m in Sources */,
			);
			runOnlyForDeploymentPostprocessing = 0;
		};
		2027BB3A1AD77CC800B509AA /* Sources */ = {
			isa = PBXSourcesBuildPhase;
			buildActionMask = 2147483647;
			files = (
				2027BB451AD77CC800B509AA /* opencvTestTests.m in Sources */,
			);
			runOnlyForDeploymentPostprocessing = 0;
		};
/* End PBXSourcesBuildPhase section */

/* Begin PBXTargetDependency section */
		2027BB401AD77CC800B509AA /* PBXTargetDependency */ = {
			isa = PBXTargetDependency;
			target = 2027BB241AD77CC800B509AA /* opencvTest */;
			targetProxy = 2027BB3F1AD77CC800B509AA /* PBXContainerItemProxy */;
		};
/* End PBXTargetDependency section */

/* Begin PBXVariantGroup section */
		2027BB321AD77CC800B509AA /* Main.storyboard */ = {
			isa = PBXVariantGroup;
			children = (
				2027BB331AD77CC800B509AA /* Base */,
			);
			name = Main.storyboard;
			sourceTree = "<group>";
		};
		2027BB371AD77CC800B509AA /* LaunchScreen.xib */ = {
			isa = PBXVariantGroup;
			children = (
				2027BB381AD77CC800B509AA /* Base */,
			);
			name = LaunchScreen.xib;
			sourceTree = "<group>";
		};
/* End PBXVariantGroup section */

/* Begin XCBuildConfiguration section */
		2027BB461AD77CC800B509AA /* Debug */ = {
			isa = XCBuildConfiguration;
			buildSettings = {
				ALWAYS_SEARCH_USER_PATHS = NO;
				CLANG_CXX_LANGUAGE_STANDARD = "gnu++0x";
				CLANG_CXX_LIBRARY = "libc++";
				CLANG_ENABLE_MODULES = YES;
				CLANG_ENABLE_OBJC_ARC = YES;
				CLANG_WARN_BOOL_CONVERSION = YES;
				CLANG_WARN_CONSTANT_CONVERSION = YES;
				CLANG_WARN_DIRECT_OBJC_ISA_USAGE = YES_ERROR;
				CLANG_WARN_EMPTY_BODY = YES;
				CLANG_WARN_ENUM_CONVERSION = YES;
				CLANG_WARN_INT_CONVERSION = YES;
				CLANG_WARN_OBJC_ROOT_CLASS = YES_ERROR;
				CLANG_WARN_UNREACHABLE_CODE = YES;
				CLANG_WARN__DUPLICATE_METHOD_MATCH = YES;
				"CODE_SIGN_IDENTITY[sdk=iphoneos*]" = "iPhone Developer";
				COPY_PHASE_STRIP = NO;
				ENABLE_STRICT_OBJC_MSGSEND = YES;
				GCC_C_LANGUAGE_STANDARD = gnu99;
				GCC_DYNAMIC_NO_PIC = NO;
				GCC_OPTIMIZATION_LEVEL = 0;
				GCC_PREPROCESSOR_DEFINITIONS = (
					"DEBUG=1",
					"$(inherited)",
				);
				GCC_SYMBOLS_PRIVATE_EXTERN = NO;
				GCC_WARN_64_TO_32_BIT_CONVERSION = YES;
				GCC_WARN_ABOUT_RETURN_TYPE = YES_ERROR;
				GCC_WARN_UNDECLARED_SELECTOR = YES;
				GCC_WARN_UNINITIALIZED_AUTOS = YES_AGGRESSIVE;
				GCC_WARN_UNUSED_FUNCTION = YES;
				GCC_WARN_UNUSED_VARIABLE = YES;
				IPHONEOS_DEPLOYMENT_TARGET = 8.2;
				MTL_ENABLE_DEBUG_INFO = YES;
				ONLY_ACTIVE_ARCH = YES;
				SDKROOT = iphoneos;
				TARGETED_DEVICE_FAMILY = "1,2";
			};
			name = Debug;
		};
		2027BB471AD77CC800B509AA /* Release */ = {
			isa = XCBuildConfiguration;
			buildSettings = {
				ALWAYS_SEARCH_USER_PATHS = NO;
				CLANG_CXX_LANGUAGE_STANDARD = "gnu++0x";
				CLANG_CXX_LIBRARY = "libc++";
				CLANG_ENABLE_MODULES = YES;
				CLANG_ENABLE_OBJC_ARC = YES;
				CLANG_WARN_BOOL_CONVERSION = YES;
				CLANG_WARN_CONSTANT_CONVERSION = YES;
				CLANG_WARN_DIRECT_OBJC_ISA_USAGE = YES_ERROR;
				CLANG_WARN_EMPTY_BODY = YES;
				CLANG_WARN_ENUM_CONVERSION = YES;
				CLANG_WARN_INT_CONVERSION = YES;
				CLANG_WARN_OBJC_ROOT_CLASS = YES_ERROR;
				CLANG_WARN_UNREACHABLE_CODE = YES;
				CLANG_WARN__DUPLICATE_METHOD_MATCH = YES;
				"CODE_SIGN_IDENTITY[sdk=iphoneos*]" = "iPhone Developer";
				COPY_PHASE_STRIP = NO;
				ENABLE_NS_ASSERTIONS = NO;
				ENABLE_STRICT_OBJC_MSGSEND = YES;
				GCC_C_LANGUAGE_STANDARD = gnu99;
				GCC_WARN_64_TO_32_BIT_CONVERSION = YES;
				GCC_WARN_ABOUT_RETURN_TYPE = YES_ERROR;
				GCC_WARN_UNDECLARED_SELECTOR = YES;
				GCC_WARN_UNINITIALIZED_AUTOS = YES_AGGRESSIVE;
				GCC_WARN_UNUSED_FUNCTION = YES;
				GCC_WARN_UNUSED_VARIABLE = YES;
				IPHONEOS_DEPLOYMENT_TARGET = 8.2;
				MTL_ENABLE_DEBUG_INFO = NO;
				SDKROOT = iphoneos;
				TARGETED_DEVICE_FAMILY = "1,2";
				VALIDATE_PRODUCT = YES;
			};
			name = Release;
		};
		2027BB491AD77CC800B509AA /* Debug */ = {
			isa = XCBuildConfiguration;
			buildSettings = {
				ASSETCATALOG_COMPILER_APPICON_NAME = AppIcon;
				FRAMEWORK_SEARCH_PATHS = (
					"$(inherited)",
					/Users/opcom/Desktop,
					"$(PROJECT_DIR)",
					"$(PROJECT_DIR)/opencvTest",
				);
				INFOPLIST_FILE = opencvTest/Info.plist;
				LD_RUNPATH_SEARCH_PATHS = "$(inherited) @executable_path/Frameworks";
				PRODUCT_NAME = "$(TARGET_NAME)";
			};
			name = Debug;
		};
		2027BB4A1AD77CC800B509AA /* Release */ = {
			isa = XCBuildConfiguration;
			buildSettings = {
				ASSETCATALOG_COMPILER_APPICON_NAME = AppIcon;
				FRAMEWORK_SEARCH_PATHS = (
					"$(inherited)",
					/Users/opcom/Desktop,
					"$(PROJECT_DIR)",
					"$(PROJECT_DIR)/opencvTest",
				);
				INFOPLIST_FILE = opencvTest/Info.plist;
				LD_RUNPATH_SEARCH_PATHS = "$(inherited) @executable_path/Frameworks";
				PRODUCT_NAME = "$(TARGET_NAME)";
			};
			name = Release;
		};
		2027BB4C1AD77CC800B509AA /* Debug */ = {
			isa = XCBuildConfiguration;
			buildSettings = {
				BUNDLE_LOADER = "$(TEST_HOST)";
				FRAMEWORK_SEARCH_PATHS = (
					"$(SDKROOT)/Developer/Library/Frameworks",
					"$(inherited)",
				);
				GCC_PREPROCESSOR_DEFINITIONS = (
					"DEBUG=1",
					"$(inherited)",
				);
				INFOPLIST_FILE = opencvTestTests/Info.plist;
				LD_RUNPATH_SEARCH_PATHS = "$(inherited) @executable_path/Frameworks @loader_path/Frameworks";
				PRODUCT_NAME = "$(TARGET_NAME)";
				TEST_HOST = "$(BUILT_PRODUCTS_DIR)/opencvTest.app/opencvTest";
			};
			name = Debug;
		};
		2027BB4D1AD77CC800B509AA /* Release */ = {
			isa = XCBuildConfiguration;
			buildSettings = {
				BUNDLE_LOADER = "$(TEST_HOST)";
				FRAMEWORK_SEARCH_PATHS = (
					"$(SDKROOT)/Developer/Library/Frameworks",
					"$(inherited)",
				);
				INFOPLIST_FILE = opencvTestTests/Info.plist;
				LD_RUNPATH_SEARCH_PATHS = "$(inherited) @executable_path/Frameworks @loader_path/Frameworks";
				PRODUCT_NAME = "$(TARGET_NAME)";
				TEST_HOST = "$(BUILT_PRODUCTS_DIR)/opencvTest.app/opencvTest";
			};
			name = Release;
		};
/* End XCBuildConfiguration section */

/* Begin XCConfigurationList section */
		2027BB201AD77CC800B509AA /* Build configuration list for PBXProject "opencvTest" */ = {
			isa = XCConfigurationList;
			buildConfigurations = (
				2027BB461AD77CC800B509AA /* Debug */,
				2027BB471AD77CC800B509AA /* Release */,
			);
			defaultConfigurationIsVisible = 0;
			defaultConfigurationName = Release;
		};
		2027BB481AD77CC800B509AA /* Build configuration list for PBXNativeTarget "opencvTest" */ = {
			isa = XCConfigurationList;
			buildConfigurations = (
				2027BB491AD77CC800B509AA /* Debug */,
				2027BB4A1AD77CC800B509AA /* Release */,
			);
			defaultConfigurationIsVisible = 0;
			defaultConfigurationName = Release;
		};
		2027BB4B1AD77CC800B509AA /* Build configuration list for PBXNativeTarget "opencvTestTests" */ = {
			isa = XCConfigurationList;
			buildConfigurations = (
				2027BB4C1AD77CC800B509AA /* Debug */,
				2027BB4D1AD77CC800B509AA /* Release */,
			);
			defaultConfigurationIsVisible = 0;
			defaultConfigurationName = Release;
		};
/* End XCConfigurationList section */
	};
	rootObject = 2027BB1D1AD77CC800B509AA /* Project object */;
}
